
Microsoft Visual Studio Solution File, Format Version 12.00
# Visual Studio Version 16
VisualStudioVersion = 16.0.31424.327
MinimumVisualStudioVersion = 10.0.40219.1
Project("{9A19103F-16F7-4668-BE54-9A1E7A4F7556}") = "ElectricalEquipments", "ElectricalEquipments\ElectricalEquipments.csproj", "{3DE813BD-F2A1-497D-B4EC-D177DD8F5098}"
EndProject
Global
	GlobalSection(SolutionConfigurationPlatforms) = preSolution
		Debug|Any CPU = Debug|Any CPU
		Release|Any CPU = Release|Any CPU
	EndGlobalSection
	GlobalSection(ProjectConfigurationPlatforms) = postSolution
		{3DE813BD-F2A1-497D-B4EC-D177DD8F5098}.Debug|Any CPU.ActiveCfg = Debug|Any CPU
		{3DE813BD-F2A1-497D-B4EC-D177DD8F5098}.Debug|Any CPU.Build.0 = Debug|Any CPU
		{3DE813BD-F2A1-497D-B4EC-D177DD8F5098}.Release|Any CPU.ActiveCfg = Release|Any CPU
		{3DE813BD-F2A1-497D-B4EC-D177DD8F5098}.Release|Any CPU.Build.0 = Release|Any CPU
	EndGlobalSection
	GlobalSection(SolutionProperties) = preSolution
		HideSolutionNode = FALSE
	EndGlobalSection
	GlobalSection(ExtensibilityGlobals) = postSolution
		SolutionGuid = {27FB2494-C264-4806-895D-01F93CA1680E}
	EndGlobalSection
EndGlobal
